
Microsoft Visual Studio Solution File, Format Version 12.00
# Visual Studio 15
VisualStudioVersion = 15.0.28307.1300
MinimumVisualStudioVersion = 10.0.40219.1
Project("{FAE04EC0-301F-11D3-BF4B-00C04F79EFBC}") = "ServerCodeRest_069_Fadia Rani", "ServerCodeRest_069_Fadia Rani\ServerCodeRest_069_Fadia Rani.csproj", "{9476026C-F869-4ECB-BF38-7C1EF69613E5}"
EndProject
Global
	GlobalSection(SolutionConfigurationPlatforms) = preSolution
		Debug|Any CPU = Debug|Any CPU
		Release|Any CPU = Release|Any CPU
	EndGlobalSection
	GlobalSection(ProjectConfigurationPlatforms) = postSolution
		{9476026C-F869-4ECB-BF38-7C1EF69613E5}.Debug|Any CPU.ActiveCfg = Debug|Any CPU
		{9476026C-F869-4ECB-BF38-7C1EF69613E5}.Debug|Any CPU.Build.0 = Debug|Any CPU
		{9476026C-F869-4ECB-BF38-7C1EF69613E5}.Release|Any CPU.ActiveCfg = Release|Any CPU
		{9476026C-F869-4ECB-BF38-7C1EF69613E5}.Release|Any CPU.Build.0 = Release|Any CPU
	EndGlobalSection
	GlobalSection(SolutionProperties) = preSolution
		HideSolutionNode = FALSE
	EndGlobalSection
	GlobalSection(ExtensibilityGlobals) = postSolution
		SolutionGuid = {6559D679-6820-4D93-A1CA-55EB87F604B8}
	EndGlobalSection
EndGlobal
